// !$*UTF8*$!
{
	archiveVersion = 1;
	classes = {
	};
	objectVersion = 46;
	objects = {

/* Begin PBXBuildFile section */
		2044CBBC1E931D790099F8CC /* AppDelegate.swift in Sources */ = {isa = PBXBuildFile; fileRef = 2044CBBB1E931D790099F8CC /* AppDelegate.swift */; };
		2044CBBE1E931D790099F8CC /* ViewController.swift in Sources */ = {isa = PBXBuildFile; fileRef = 2044CBBD1E931D790099F8CC /* ViewController.swift */; };
		2044CBC11E931D790099F8CC /* Main.storyboard in Resources */ = {isa = PBXBuildFile; fileRef = 2044CBBF1E931D790099F8CC /* Main.storyboard */; };
		2044CBC41E931D790099F8CC /* CoreDataTest.xcdatamodeld in Sources */ = {isa = PBXBuildFile; fileRef = 2044CBC21E931D790099F8CC /* CoreDataTest.xcdatamodeld */; };
		2044CBC61E931D790099F8CC /* Assets.xcassets in Resources */ = {isa = PBXBuildFile; fileRef = 2044CBC51E931D790099F8CC /* Assets.xcassets */; };
		2044CBC91E931D790099F8CC /* LaunchScreen.storyboard in Resources */ = {isa = PBXBuildFile; fileRef = 2044CBC71E931D790099F8CC /* LaunchScreen.storyboard */; };
		2044CBD11E9328690099F8CC /* NewUserViewController.swift in Sources */ = {isa = PBXBuildFile; fileRef = 2044CBD01E9328690099F8CC /* NewUserViewController.swift */; };
		2044CBD31E932B7C0099F8CC /* PersonCell.swift in Sources */ = {isa = PBXBuildFile; fileRef = 2044CBD21E932B7C0099F8CC /* PersonCell.swift */; };
/* End PBXBuildFile section */

/* Begin PBXFileReference section */
		2044CBB81E931D790099F8CC /* CoreDataTest.app */ = {isa = PBXFileReference; explicitFileType = wrapper.application; includeInIndex = 0; path = CoreDataTest.app; sourceTree = BUILT_PRODUCTS_DIR; };
		2044CBBB1E931D790099F8CC /* AppDelegate.swift */ = {isa = PBXFileReference; lastKnownFileType = sourcecode.swift; path = AppDelegate.swift; sourceTree = "<group>"; };
		2044CBBD1E931D790099F8CC /* ViewController.swift */ = {isa = PBXFileReference; lastKnownFileType = sourcecode.swift; path = ViewController.swift; sourceTree = "<group>"; };
		2044CBC01E931D790099F8CC /* Base */ = {isa = PBXFileReference; lastKnownFileType = file.storyboard; name = Base; path = Base.lproj/Main.storyboard; sourceTree = "<group>"; };
		2044CBC31E931D790099F8CC /* CoreDataTest.xcdatamodel */ = {isa = PBXFileReference; lastKnownFileType = wrapper.xcdatamodel; path = CoreDataTest.xcdatamodel; sourceTree = "<group>"; };
		2044CBC51E931D790099F8CC /* Assets.xcassets */ = {isa = PBXFileReference; lastKnownFileType = folder.assetcatalog; path = Assets.xcassets; sourceTree = "<group>"; };
		2044CBC81E931D790099F8CC /* Base */ = {isa = PBXFileReference; lastKnownFileType = file.storyboard; name = Base; path = Base.lproj/LaunchScreen.storyboard; sourceTree = "<group>"; };
		2044CBCA1E931D790099F8CC /* Info.plist */ = {isa = PBXFileReference; lastKnownFileType = text.plist.xml; path = Info.plist; sourceTree = "<group>"; };
		2044CBD01E9328690099F8CC /* NewUserViewController.swift */ = {isa = PBXFileReference; fileEncoding = 4; lastKnownFileType = sourcecode.swift; path = NewUserViewController.swift; sourceTree = "<group>"; };
		2044CBD21E932B7C0099F8CC /* PersonCell.swift */ = {isa = PBXFileReference; fileEncoding = 4; lastKnownFileType = sourcecode.swift; path = PersonCell.swift; sourceTree = "<group>"; };
/* End PBXFileReference section */

/* Begin PBXFrameworksBuildPhase section */
		2044CBB51E931D790099F8CC /* Frameworks */ = {
			isa = PBXFrameworksBuildPhase;
			buildActionMask = 2147483647;
			files = (
			);
			runOnlyForDeploymentPostprocessing = 0;
		};
/* End PBXFrameworksBuildPhase section */

/* Begin PBXGroup section */
		2044CBAF1E931D790099F8CC = {
			isa = PBXGroup;
			children = (
				2044CBBA1E931D790099F8CC /* CoreDataTest */,
				2044CBB91E931D790099F8CC /* Products */,
			);
			sourceTree = "<group>";
		};
		2044CBB91E931D790099F8CC /* Products */ = {
			isa = PBXGroup;
			children = (
				2044CBB81E931D790099F8CC /* CoreDataTest.app */,
			);
			name = Products;
			sourceTree = "<group>";
		};
		2044CBBA1E931D790099F8CC /* CoreDataTest */ = {
			isa = PBXGroup;
			children = (
				2044CBBB1E931D790099F8CC /* AppDelegate.swift */,
				2044CBBD1E931D790099F8CC /* ViewController.swift */,
				2044CBBF1E931D790099F8CC /* Main.storyboard */,
				2044CBC51E931D790099F8CC /* Assets.xcassets */,
				2044CBC71E931D790099F8CC /* LaunchScreen.storyboard */,
				2044CBCA1E931D790099F8CC /* Info.plist */,
				2044CBC21E931D790099F8CC /* CoreDataTest.xcdatamodeld */,
				2044CBD01E9328690099F8CC /* NewUserViewController.swift */,
				2044CBD21E932B7C0099F8CC /* PersonCell.swift */,
			);
			path = CoreDataTest;
			sourceTree = "<group>";
		};
/* End PBXGroup section */

/* Begin PBXNativeTarget section */
		2044CBB71E931D790099F8CC /* CoreDataTest */ = {
			isa = PBXNativeTarget;
			buildConfigurationList = 2044CBCD1E931D790099F8CC /* Build configuration list for PBXNativeTarget "CoreDataTest" */;
			buildPhases = (
				2044CBB41E931D790099F8CC /* Sources */,
				2044CBB51E931D790099F8CC /* Frameworks */,
				2044CBB61E931D790099F8CC /* Resources */,
			);
			buildRules = (
			);
			dependencies = (
			);
			name = CoreDataTest;
			productName = CoreDataTest;
			productReference = 2044CBB81E931D790099F8CC /* CoreDataTest.app */;
			productType = "com.apple.product-type.application";
		};
/* End PBXNativeTarget section */

/* Begin PBXProject section */
		2044CBB01E931D790099F8CC /* Project object */ = {
			isa = PBXProject;
			attributes = {
				LastSwiftUpdateCheck = 0830;
				LastUpgradeCheck = 0830;
				ORGANIZATIONNAME = "Alex Mejicanos";
				TargetAttributes = {
					2044CBB71E931D790099F8CC = {
						CreatedOnToolsVersion = 8.3;
						ProvisioningStyle = Automatic;
					};
				};
			};
			buildConfigurationList = 2044CBB31E931D790099F8CC /* Build configuration list for PBXProject "CoreDataTest" */;
			compatibilityVersion = "Xcode 3.2";
			developmentRegion = English;
			hasScannedForEncodings = 0;
			knownRegions = (
				en,
				Base,
			);
			mainGroup = 2044CBAF1E931D790099F8CC;
			productRefGroup = 2044CBB91E931D790099F8CC /* Products */;
			projectDirPath = "";
			projectRoot = "";
			targets = (
				2044CBB71E931D790099F8CC /* CoreDataTest */,
			);
		};
/* End PBXProject section */

/* Begin PBXResourcesBuildPhase section */
		2044CBB61E931D790099F8CC /* Resources */ = {
			isa = PBXResourcesBuildPhase;
			buildActionMask = 2147483647;
			files = (
				2044CBC91E931D790099F8CC /* LaunchScreen.storyboard in Resources */,
				2044CBC61E931D790099F8CC /* Assets.xcassets in Resources */,
				2044CBC11E931D790099F8CC /* Main.storyboard in Resources */,
			);
			runOnlyForDeploymentPostprocessing = 0;
		};
/* End PBXResourcesBuildPhase section */

/* Begin PBXSourcesBuildPhase section */
		2044CBB41E931D790099F8CC /* Sources */ = {
			isa = PBXSourcesBuildPhase;
			buildActionMask = 2147483647;
			files = (
				2044CBBE1E931D790099F8CC /* ViewController.swift in Sources */,
				2044CBD31E932B7C0099F8CC /* PersonCell.swift in Sources */,
				2044CBC41E931D790099F8CC /* CoreDataTest.xcdatamodeld in Sources */,
				2044CBD11E9328690099F8CC /* NewUserViewController.swift in Sources */,
				2044CBBC1E931D790099F8CC /* AppDelegate.swift in Sources */,
			);
			runOnlyForDeploymentPostprocessing = 0;
		};
/* End PBXSourcesBuildPhase section */

/* Begin PBXVariantGroup section */
		2044CBBF1E931D790099F8CC /* Main.storyboard */ = {
			isa = PBXVariantGroup;
			children = (
				2044CBC01E931D790099F8CC /* Base */,
			);
			name = Main.storyboard;
			sourceTree = "<group>";
		};
		2044CBC71E931D790099F8CC /* LaunchScreen.storyboard */ = {
			isa = PBXVariantGroup;
			children = (
				2044CBC81E931D790099F8CC /* Base */,
			);
			name = LaunchScreen.storyboard;
			sourceTree = "<group>";
		};
/* End PBXVariantGroup section */

/* Begin XCBuildConfiguration section */
		2044CBCB1E931D790099F8CC /* Debug */ = {
			isa = XCBuildConfiguration;
			buildSettings = {
				ALWAYS_SEARCH_USER_PATHS = NO;
				CLANG_ANALYZER_NONNULL = YES;
				CLANG_ANALYZER_NUMBER_OBJECT_CONVERSION = YES_AGGRESSIVE;
				CLANG_CXX_LANGUAGE_STANDARD = "gnu++0x";
				CLANG_CXX_LIBRARY = "libc++";
				CLANG_ENABLE_MODULES = YES;
				CLANG_ENABLE_OBJC_ARC = YES;
				CLANG_WARN_BOOL_CONVERSION = YES;
				CLANG_WARN_CONSTANT_CONVERSION = YES;
				CLANG_WARN_DIRECT_OBJC_ISA_USAGE = YES_ERROR;
				CLANG_WARN_DOCUMENTATION_COMMENTS = YES;
				CLANG_WARN_EMPTY_BODY = YES;
				CLANG_WARN_ENUM_CONVERSION = YES;
				CLANG_WARN_INFINITE_RECURSION = YES;
				CLANG_WARN_INT_CONVERSION = YES;
				CLANG_WARN_OBJC_ROOT_CLASS = YES_ERROR;
				CLANG_WARN_SUSPICIOUS_MOVE = YES;
				CLANG_WARN_UNREACHABLE_CODE = YES;
				CLANG_WARN__DUPLICATE_METHOD_MATCH = YES;
				"CODE_SIGN_IDENTITY[sdk=iphoneos*]" = "iPhone Developer";
				COPY_PHASE_STRIP = NO;
				DEBUG_INFORMATION_FORMAT = dwarf;
				ENABLE_STRICT_OBJC_MSGSEND = YES;
				ENABLE_TESTABILITY = YES;
				GCC_C_LANGUAGE_STANDARD = gnu99;
				GCC_DYNAMIC_NO_PIC = NO;
				GCC_NO_COMMON_BLOCKS = YES;
				GCC_OPTIMIZATION_LEVEL = 0;
				GCC_PREPROCESSOR_DEFINITIONS = (
					"DEBUG=1",
					"$(inherited)",
				);
				GCC_WARN_64_TO_32_BIT_CONVERSION = YES;
				GCC_WARN_ABOUT_RETURN_TYPE = YES_ERROR;
				GCC_WARN_UNDECLARED_SELECTOR = YES;
				GCC_WARN_UNINITIALIZED_AUTOS = YES_AGGRESSIVE;
				GCC_WARN_UNUSED_FUNCTION = YES;
				GCC_WARN_UNUSED_VARIABLE = YES;
				IPHONEOS_DEPLOYMENT_TARGET = 10.3;
				MTL_ENABLE_DEBUG_INFO = YES;
				ONLY_ACTIVE_ARCH = YES;
				SDKROOT = iphoneos;
				SWIFT_ACTIVE_COMPILATION_CONDITIONS = DEBUG;
				SWIFT_OPTIMIZATION_LEVEL = "-Onone";
			};
			name = Debug;
		};
		2044CBCC1E931D790099F8CC /* Release */ = {
			isa = XCBuildConfiguration;
			buildSettings = {
				ALWAYS_SEARCH_USER_PATHS = NO;
				CLANG_ANALYZER_NONNULL = YES;
				CLANG_ANALYZER_NUMBER_OBJECT_CONVERSION = YES_AGGRESSIVE;
				CLANG_CXX_LANGUAGE_STANDARD = "gnu++0x";
				CLANG_CXX_LIBRARY = "libc++";
				CLANG_ENABLE_MODULES = YES;
				CLANG_ENABLE_OBJC_ARC = YES;
				CLANG_WARN_BOOL_CONVERSION = YES;
				CLANG_WARN_CONSTANT_CONVERSION = YES;
				CLANG_WARN_DIRECT_OBJC_ISA_USAGE = YES_ERROR;
				CLANG_WARN_DOCUMENTATION_COMMENTS = YES;
				CLANG_WARN_EMPTY_BODY = YES;
				CLANG_WARN_ENUM_CONVERSION = YES;
				CLANG_WARN_INFINITE_RECURSION = YES;
				CLANG_WARN_INT_CONVERSION = YES;
				CLANG_WARN_OBJC_ROOT_CLASS = YES_ERROR;
				CLANG_WARN_SUSPICIOUS_MOVE = YES;
				CLANG_WARN_UNREACHABLE_CODE = YES;
				CLANG_WARN__DUPLICATE_METHOD_MATCH = YES;
				"CODE_SIGN_IDENTITY[sdk=iphoneos*]" = "iPhone Developer";
				COPY_PHASE_STRIP = NO;
				DEBUG_INFORMATION_FORMAT = "dwarf-with-dsym";
				ENABLE_NS_ASSERTIONS = NO;
				ENABLE_STRICT_OBJC_MSGSEND = YES;
				GCC_C_LANGUAGE_STANDARD = gnu99;
				GCC_NO_COMMON_BLOCKS = YES;
				GCC_WARN_64_TO_32_BIT_CONVERSION = YES;
				GCC_WARN_ABOUT_RETURN_TYPE = YES_ERROR;
				GCC_WARN_UNDECLARED_SELECTOR = YES;
				GCC_WARN_UNINITIALIZED_AUTOS = YES_AGGRESSIVE;
				GCC_WARN_UNUSED_FUNCTION = YES;
				GCC_WARN_UNUSED_VARIABLE = YES;
				IPHONEOS_DEPLOYMENT_TARGET = 10.3;
				MTL_ENABLE_DEBUG_INFO = NO;
				SDKROOT = iphoneos;
				SWIFT_OPTIMIZATION_LEVEL = "-Owholemodule";
				VALIDATE_PRODUCT = YES;
			};
			name = Release;
		};
		2044CBCE1E931D790099F8CC /* Debug */ = {
			isa = XCBuildConfiguration;
			buildSettings = {
				ASSETCATALOG_COMPILER_APPICON_NAME = AppIcon;
				GCC_OPTIMIZATION_LEVEL = 1;
				INFOPLIST_FILE = CoreDataTest/Info.plist;
				LD_RUNPATH_SEARCH_PATHS = "$(inherited) @executable_path/Frameworks";
				PRODUCT_BUNDLE_IDENTIFIER = com.tec.CoreDataTest;
				PRODUCT_NAME = "$(TARGET_NAME)";
				SWIFT_OPTIMIZATION_LEVEL = "-O";
				SWIFT_VERSION = 3.0;
			};
			name = Debug;
		};
		2044CBCF1E931D790099F8CC /* Release */ = {
			isa = XCBuildConfiguration;
			buildSettings = {
				ASSETCATALOG_COMPILER_APPICON_NAME = AppIcon;
				INFOPLIST_FILE = CoreDataTest/Info.plist;
				LD_RUNPATH_SEARCH_PATHS = "$(inherited) @executable_path/Frameworks";
				PRODUCT_BUNDLE_IDENTIFIER = com.tec.CoreDataTest;
				PRODUCT_NAME = "$(TARGET_NAME)";
				SWIFT_VERSION = 3.0;
			};
			name = Release;
		};
/* End XCBuildConfiguration section */

/* Begin XCConfigurationList section */
		2044CBB31E931D790099F8CC /* Build configuration list for PBXProject "CoreDataTest" */ = {
			isa = XCConfigurationList;
			buildConfigurations = (
				2044CBCB1E931D790099F8CC /* Debug */,
				2044CBCC1E931D790099F8CC /* Release */,
			);
			defaultConfigurationIsVisible = 0;
			defaultConfigurationName = Release;
		};
		2044CBCD1E931D790099F8CC /* Build configuration list for PBXNativeTarget "CoreDataTest" */ = {
			isa = XCConfigurationList;
			buildConfigurations = (
				2044CBCE1E931D790099F8CC /* Debug */,
				2044CBCF1E931D790099F8CC /* Release */,
			);
			defaultConfigurationIsVisible = 0;
			defaultConfigurationName = Release;
		};
/* End XCConfigurationList section */

/* Begin XCVersionGroup section */
		2044CBC21E931D790099F8CC /* CoreDataTest.xcdatamodeld */ = {
			isa = XCVersionGroup;
			children = (
				2044CBC31E931D790099F8CC /* CoreDataTest.xcdatamodel */,
			);
			currentVersion = 2044CBC31E931D790099F8CC /* CoreDataTest.xcdatamodel */;
			path = CoreDataTest.xcdatamodeld;
			sourceTree = "<group>";
			versionGroupType = wrapper.xcdatamodel;
		};
/* End XCVersionGroup section */
	};
	rootObject = 2044CBB01E931D790099F8CC /* Project object */;
}
